<?xml version="1.0" encoding="utf-8"?>
<Project ToolsVersion="4.0" xmlns="http://schemas.microsoft.com/developer/msbuild/2003">
  <ItemGroup>
    <Filter Include="Source Files">
      <UniqueIdentifier>{4FC737F1-C7A5-4376-A066-2A32D752A2FF}</UniqueIdentifier>
      <Extensions>qml;cpp;c;cc;cxx;def;odl;idl;hpj;bat;asm;asmx</Extensions>
    </Filter>
    <Filter Include="Resource Files">
      <UniqueIdentifier>{67DA6AB6-F800-4c08-8B7A-83BB121AAD01}</UniqueIdentifier>
      <Extensions>qrc;rc;ico;cur;bmp;dlg;rc2;rct;bin;rgs;gif;jpg;jpeg;jpe;resx;tiff;tif;png;wav;mfcribbon-ms</Extensions>
    </Filter>
    <Filter Include="Form Files">
      <UniqueIdentifier>{99349809-55BA-4b9d-BF79-8FDBB0286EB3}</UniqueIdentifier>
      <Extensions>ui</Extensions>
    </Filter>
    <Filter Include="Translation Files">
      <UniqueIdentifier>{639EADAA-A684-42e4-A9AD-28FC9BCB8F7C}</UniqueIdentifier>
      <Extensions>ts</Extensions>
    </Filter>
    <Filter Include="Source Files\input">
      <UniqueIdentifier>{9d3a3243-2e9b-41fe-b1f2-94c39782d544}</UniqueIdentifier>
    </Filter>
    <Filter Include="Source Files\myMath">
      <UniqueIdentifier>{ded240fe-8c7b-449c-b99d-b7c227ad4272}</UniqueIdentifier>
    </Filter>
    <Filter Include="Source Files\output">
      <UniqueIdentifier>{434260e2-ae5c-4aa7-8fea-4bd8aa676e34}</UniqueIdentifier>
    </Filter>
    <Filter Include="Source Files\renderer">
      <UniqueIdentifier>{5f1af9b9-7d26-4364-b148-9cf9273006a0}</UniqueIdentifier>
    </Filter>
    <Filter Include="Source Files\scene">
      <UniqueIdentifier>{7bc3406c-2ea7-4de8-93fd-3b1a9bc75873}</UniqueIdentifier>
    </Filter>
  </ItemGroup>
  <ItemGroup>
    <ClCompile Include="src\input\Face.cpp">
      <Filter>Source Files\input</Filter>
    </ClCompile>
    <ClCompile Include="src\input\Material.cpp">
      <Filter>Source Files\input</Filter>
    </ClCompile>
    <ClCompile Include="src\input\ObjData.cpp">
      <Filter>Source Files\input</Filter>
    </ClCompile>
    <ClCompile Include="src\input\Vertex.cpp">
      <Filter>Source Files\input</Filter>
    </ClCompile>
    <ClCompile Include="src\myMath\HoVector4.cpp">
      <Filter>Source Files\myMath</Filter>
    </ClCompile>
    <ClCompile Include="src\myMath\Matrix4f.cpp">
      <Filter>Source Files\myMath</Filter>
    </ClCompile>
    <ClCompile Include="src\output\Frames.cpp">
      <Filter>Source Files\output</Filter>
    </ClCompile>
    <ClCompile Include="src\output\FramesInRenderer.cpp">
      <Filter>Source Files\output</Filter>
    </ClCompile>
    <ClCompile Include="src\output\FuncCodes.cpp">
      <Filter>Source Files\output</Filter>
    </ClCompile>
    <ClCompile Include="src\output\UserSceneData.cpp">
      <Filter>Source Files\output</Filter>
    </ClCompile>
    <ClCompile Include="src\render\Fragment.cpp">
      <Filter>Source Files\renderer</Filter>
    </ClCompile>
    <ClCompile Include="src\render\FragmentShader.cpp">
      <Filter>Source Files\renderer</Filter>
    </ClCompile>
    <ClCompile Include="src\render\Rasterization.cpp">
      <Filter>Source Files\renderer</Filter>
    </ClCompile>
    <ClCompile Include="src\render\Render.cpp">
      <Filter>Source Files\renderer</Filter>
    </ClCompile>
    <ClCompile Include="src\render\VertexShader.cpp">
      <Filter>Source Files\renderer</Filter>
    </ClCompile>
    <ClCompile Include="src\scene\Camera.cpp">
      <Filter>Source Files\scene</Filter>
    </ClCompile>
    <ClCompile Include="src\scene\Light.cpp">
      <Filter>Source Files\scene</Filter>
    </ClCompile>
    <ClCompile Include="src\scene\Scene.cpp">
      <Filter>Source Files\scene</Filter>
    </ClCompile>
    <ClCompile Include="src\main.cpp">
      <Filter>Source Files</Filter>
    </ClCompile>
    <ClCompile Include="src\RendererApplication.cpp">
      <Filter>Source Files</Filter>
    </ClCompile>
  </ItemGroup>
  <ItemGroup>
    <ClInclude Include="src\input\Face.h">
      <Filter>Source Files\input</Filter>
    </ClInclude>
    <ClInclude Include="src\input\Material.h">
      <Filter>Source Files\input</Filter>
    </ClInclude>
    <ClInclude Include="src\input\ObjData.h">
      <Filter>Source Files\input</Filter>
    </ClInclude>
    <ClInclude Include="src\input\Vertex.h">
      <Filter>Source Files\input</Filter>
    </ClInclude>
    <ClInclude Include="src\myMath\HoVector3.h">
      <Filter>Source Files\myMath</Filter>
    </ClInclude>
    <ClInclude Include="src\myMath\HoVector4.h">
      <Filter>Source Files\myMath</Filter>
    </ClInclude>
    <ClInclude Include="src\myMath\mathValue.h">
      <Filter>Source Files\myMath</Filter>
    </ClInclude>
    <ClInclude Include="src\myMath\Matrix4f.h">
      <Filter>Source Files\myMath</Filter>
    </ClInclude>
    <ClInclude Include="src\output\Frames.h">
      <Filter>Source Files\output</Filter>
    </ClInclude>
    <ClInclude Include="src\output\FramesInRenderer.h">
      <Filter>Source Files\output</Filter>
    </ClInclude>
    <ClInclude Include="src\output\FuncCodes.h">
      <Filter>Source Files\output</Filter>
    </ClInclude>
    <ClInclude Include="src\output\UserSceneData.h">
      <Filter>Source Files\output</Filter>
    </ClInclude>
    <ClInclude Include="src\render\Fragment.h">
      <Filter>Source Files\renderer</Filter>
    </ClInclude>
    <ClInclude Include="src\render\FragmentShader.h">
      <Filter>Source Files\renderer</Filter>
    </ClInclude>
    <ClInclude Include="src\render\Rasterization.h">
      <Filter>Source Files\renderer</Filter>
    </ClInclude>
    <ClInclude Include="src\render\Render.h">
      <Filter>Source Files\renderer</Filter>
    </ClInclude>
    <ClInclude Include="src\render\VertexShader.h">
      <Filter>Source Files\renderer</Filter>
    </ClInclude>
    <ClInclude Include="src\scene\Camera.h">
      <Filter>Source Files\scene</Filter>
    </ClInclude>
    <ClInclude Include="src\scene\Light.h">
      <Filter>Source Files\scene</Filter>
    </ClInclude>
    <ClInclude Include="src\scene\Scene.h">
      <Filter>Source Files\scene</Filter>
    </ClInclude>
  </ItemGroup>
  <ItemGroup>
    <QtUic Include="RendererApplication.ui">
      <Filter>Form Files</Filter>
    </QtUic>
  </ItemGroup>
  <ItemGroup>
    <QtRcc Include="RendererApplication.qrc">
      <Filter>Resource Files</Filter>
    </QtRcc>
  </ItemGroup>
  <ItemGroup>
    <QtMoc Include="src\RendererApplication.h">
      <Filter>Source Files</Filter>
    </QtMoc>
  </ItemGroup>
</Project>